
Microsoft Visual Studio Solution File, Format Version 12.00
# Visual Studio Version 17
VisualStudioVersion = 17.7.34221.43
MinimumVisualStudioVersion = 10.0.40219.1
Project("{9A19103F-16F7-4668-BE54-9A1E7A4F7556}") = "SomDasAntigasWebApp", "SomDasAntigasWebApp\SomDasAntigasWebApp.csproj", "{254F6486-1B24-4331-BE40-4A6D3D1F8DEB}"
EndProject
Global
	GlobalSection(SolutionConfigurationPlatforms) = preSolution
		Debug|Any CPU = Debug|Any CPU
		Release|Any CPU = Release|Any CPU
	EndGlobalSection
	GlobalSection(ProjectConfigurationPlatforms) = postSolution
		{254F6486-1B24-4331-BE40-4A6D3D1F8DEB}.Debug|Any CPU.ActiveCfg = Debug|Any CPU
		{254F6486-1B24-4331-BE40-4A6D3D1F8DEB}.Debug|Any CPU.Build.0 = Debug|Any CPU
		{254F6486-1B24-4331-BE40-4A6D3D1F8DEB}.Release|Any CPU.ActiveCfg = Release|Any CPU
		{254F6486-1B24-4331-BE40-4A6D3D1F8DEB}.Release|Any CPU.Build.0 = Release|Any CPU
	EndGlobalSection
	GlobalSection(SolutionProperties) = preSolution
		HideSolutionNode = FALSE
	EndGlobalSection
	GlobalSection(ExtensibilityGlobals) = postSolution
		SolutionGuid = {FE7397BB-7A03-4FD7-B7A4-B4385E00297D}
	EndGlobalSection
EndGlobal
